
Microsoft Visual Studio Solution File, Format Version 12.00
# Visual Studio 2013
VisualStudioVersion = 12.0.31101.0
MinimumVisualStudioVersion = 10.0.40219.1
Project("{8BC9CEB8-8B4A-11D0-8D11-00A0C91BC942}") = "Assignment0", "Assignment0\Assignment0.vcxproj", "{0B9716B2-DEFA-4DBE-9417-ACF777340EEB}"
EndProject
Project("{8BC9CEB8-8B4A-11D0-8D11-00A0C91BC942}") = "zero", "zero\zero.vcxproj", "{27106C56-B915-439B-AC4D-7942AFF98106}"
EndProject
Global
	GlobalSection(SolutionConfigurationPlatforms) = preSolution
		Debug|Win32 = Debug|Win32
		Release|Win32 = Release|Win32
	EndGlobalSection
	GlobalSection(ProjectConfigurationPlatforms) = postSolution
		{0B9716B2-DEFA-4DBE-9417-ACF777340EEB}.Debug|Win32.ActiveCfg = Debug|Win32
		{0B9716B2-DEFA-4DBE-9417-ACF777340EEB}.Debug|Win32.Build.0 = Debug|Win32
		{0B9716B2-DEFA-4DBE-9417-ACF777340EEB}.Release|Win32.ActiveCfg = Release|Win32
		{0B9716B2-DEFA-4DBE-9417-ACF777340EEB}.Release|Win32.Build.0 = Release|Win32
		{27106C56-B915-439B-AC4D-7942AFF98106}.Debug|Win32.ActiveCfg = Debug|Win32
		{27106C56-B915-439B-AC4D-7942AFF98106}.Debug|Win32.Build.0 = Debug|Win32
		{27106C56-B915-439B-AC4D-7942AFF98106}.Release|Win32.ActiveCfg = Release|Win32
		{27106C56-B915-439B-AC4D-7942AFF98106}.Release|Win32.Build.0 = Release|Win32
	EndGlobalSection
	GlobalSection(SolutionProperties) = preSolution
		HideSolutionNode = FALSE
	EndGlobalSection
EndGlobal
